{
    "version": 3,
    "terraform_version": "0.10.8",
    "serial": 11,
    "lineage": "b74c535e-a805-4fa0-8915-c3e776a63005",
    "modules": [
        {
            "path": [
                "root"
            ],
            "outputs": {
                "blog_url": {
                    "sensitive": false,
                    "type": "string",
                    "value": "http://tf-lb-20180221095200621300000003-1830250412.us-east-1.elb.amazonaws.com"
                }
            },
            "resources": {
                "aws_alb.main": {
                    "type": "aws_alb",
                    "depends_on": [
                        "aws_security_group.alb_sg",
                        "module.vpc"
                    ],
                    "primary": {
                        "id": "arn:aws:elasticloadbalancing:us-east-1:364833262723:loadbalancer/app/tf-lb-20180221095200621300000003/9badddbf31e33eff",
                        "attributes": {
                            "access_logs.#": "0",
                            "arn": "arn:aws:elasticloadbalancing:us-east-1:364833262723:loadbalancer/app/tf-lb-20180221095200621300000003/9badddbf31e33eff",
                            "arn_suffix": "app/tf-lb-20180221095200621300000003/9badddbf31e33eff",
                            "dns_name": "tf-lb-20180221095200621300000003-1830250412.us-east-1.elb.amazonaws.com",
                            "enable_deletion_protection": "false",
                            "id": "arn:aws:elasticloadbalancing:us-east-1:364833262723:loadbalancer/app/tf-lb-20180221095200621300000003/9badddbf31e33eff",
                            "idle_timeout": "60",
                            "internal": "false",
                            "ip_address_type": "ipv4",
                            "load_balancer_type": "application",
                            "name": "tf-lb-20180221095200621300000003",
                            "security_groups.#": "1",
                            "security_groups.1015128339": "sg-50b78427",
                            "subnets.#": "3",
                            "subnets.1162315281": "subnet-e3f3b9be",
                            "subnets.2646697427": "subnet-d2d7eeb6",
                            "subnets.3999906521": "subnet-bcffe1f7",
                            "tags.%": "0",
                            "vpc_id": "vpc-887ab2f3",
                            "zone_id": "Z35SXDOTRQ7X7K"
                        },
                        "meta": {
                            "e2bfb730-ecaa-11e6-8f88-34363bc7c4c0": {
                                "create": 600000000000,
                                "delete": 600000000000,
                                "update": 600000000000
                            }
                        },
                        "tainted": false
                    },
                    "deposed": [],
                    "provider": ""
                },
                "aws_alb_listener.main": {
                    "type": "aws_alb_listener",
                    "depends_on": [
                        "aws_alb.main",
                        "aws_alb_target_group.main"
                    ],
                    "primary": {
                        "id": "arn:aws:elasticloadbalancing:us-east-1:364833262723:listener/app/tf-lb-20180221095200621300000003/9badddbf31e33eff/021bae879ab0e799",
                        "attributes": {
                            "arn": "arn:aws:elasticloadbalancing:us-east-1:364833262723:listener/app/tf-lb-20180221095200621300000003/9badddbf31e33eff/021bae879ab0e799",
                            "default_action.#": "1",
                            "default_action.0.target_group_arn": "arn:aws:elasticloadbalancing:us-east-1:364833262723:targetgroup/tf-20180221095153896000000002/c3bc685e4dee72da",
                            "default_action.0.type": "forward",
                            "id": "arn:aws:elasticloadbalancing:us-east-1:364833262723:listener/app/tf-lb-20180221095200621300000003/9badddbf31e33eff/021bae879ab0e799",
                            "load_balancer_arn": "arn:aws:elasticloadbalancing:us-east-1:364833262723:loadbalancer/app/tf-lb-20180221095200621300000003/9badddbf31e33eff",
                            "port": "80",
                            "protocol": "HTTP",
                            "ssl_policy": ""
                        },
                        "meta": {},
                        "tainted": false
                    },
                    "deposed": [],
                    "provider": ""
                },
                "aws_alb_target_group.main": {
                    "type": "aws_alb_target_group",
                    "depends_on": [
                        "module.vpc"
                    ],
                    "primary": {
                        "id": "arn:aws:elasticloadbalancing:us-east-1:364833262723:targetgroup/tf-20180221095153896000000002/c3bc685e4dee72da",
                        "attributes": {
                            "arn": "arn:aws:elasticloadbalancing:us-east-1:364833262723:targetgroup/tf-20180221095153896000000002/c3bc685e4dee72da",
                            "arn_suffix": "targetgroup/tf-20180221095153896000000002/c3bc685e4dee72da",
                            "deregistration_delay": "300",
                            "health_check.#": "1",
                            "health_check.0.healthy_threshold": "5",
                            "health_check.0.interval": "30",
                            "health_check.0.matcher": "200",
                            "health_check.0.path": "/",
                            "health_check.0.port": "traffic-port",
                            "health_check.0.protocol": "HTTP",
                            "health_check.0.timeout": "5",
                            "health_check.0.unhealthy_threshold": "2",
                            "id": "arn:aws:elasticloadbalancing:us-east-1:364833262723:targetgroup/tf-20180221095153896000000002/c3bc685e4dee72da",
                            "name": "tf-20180221095153896000000002",
                            "port": "80",
                            "protocol": "HTTP",
                            "stickiness.#": "1",
                            "stickiness.0.cookie_duration": "86400",
                            "stickiness.0.enabled": "false",
                            "stickiness.0.type": "lb_cookie",
                            "tags.%": "0",
                            "target_type": "ip",
                            "vpc_id": "vpc-887ab2f3"
                        },
                        "meta": {},
                        "tainted": false
                    },
                    "deposed": [],
                    "provider": ""
                },
                "aws_appautoscaling_policy.scale_down": {
                    "type": "aws_appautoscaling_policy",
                    "depends_on": [
                        "aws_appautoscaling_target.target",
                        "aws_ecs_cluster.cluster2",
                        "aws_ecs_service.service"
                    ],
                    "primary": {
                        "id": "service-scale-down",
                        "attributes": {
                            "adjustment_type": "ChangeInCapacity",
                            "alarms.#": "0",
                            "arn": "arn:aws:autoscaling:us-east-1:364833262723:scalingPolicy:e71a851c-9e63-406b-b47a-a52d988fdf67:resource/ecs/service/blog-ecs-cluster/blog:policyName/service-scale-down",
                            "cooldown": "120",
                            "id": "service-scale-down",
                            "metric_aggregation_type": "Average",
                            "name": "service-scale-down",
                            "policy_type": "StepScaling",
                            "resource_id": "service/blog-ecs-cluster/blog",
                            "scalable_dimension": "ecs:service:DesiredCount",
                            "service_namespace": "ecs",
                            "step_adjustment.#": "1",
                            "step_adjustment.2173517692.metric_interval_lower_bound": "",
                            "step_adjustment.2173517692.metric_interval_upper_bound": "0",
                            "step_adjustment.2173517692.scaling_adjustment": "-1",
                            "target_tracking_scaling_policy_configuration.#": "0"
                        },
                        "meta": {},
                        "tainted": false
                    },
                    "deposed": [],
                    "provider": ""
                },
                "aws_appautoscaling_policy.scale_up": {
                    "type": "aws_appautoscaling_policy",
                    "depends_on": [
                        "aws_appautoscaling_target.target",
                        "aws_ecs_cluster.cluster2",
                        "aws_ecs_service.service"
                    ],
                    "primary": {
                        "id": "service-scale-up",
                        "attributes": {
                            "adjustment_type": "ChangeInCapacity",
                            "alarms.#": "0",
                            "arn": "arn:aws:autoscaling:us-east-1:364833262723:scalingPolicy:e71a851c-9e63-406b-b47a-a52d988fdf67:resource/ecs/service/blog-ecs-cluster/blog:policyName/service-scale-up",
                            "cooldown": "120",
                            "id": "service-scale-up",
                            "metric_aggregation_type": "Average",
                            "name": "service-scale-up",
                            "policy_type": "StepScaling",
                            "resource_id": "service/blog-ecs-cluster/blog",
                            "scalable_dimension": "ecs:service:DesiredCount",
                            "service_namespace": "ecs",
                            "step_adjustment.#": "1",
                            "step_adjustment.2087484785.metric_interval_lower_bound": "0",
                            "step_adjustment.2087484785.metric_interval_upper_bound": "",
                            "step_adjustment.2087484785.scaling_adjustment": "1",
                            "target_tracking_scaling_policy_configuration.#": "0"
                        },
                        "meta": {},
                        "tainted": false
                    },
                    "deposed": [],
                    "provider": ""
                },
                "aws_appautoscaling_target.target": {
                    "type": "aws_appautoscaling_target",
                    "depends_on": [
                        "aws_ecs_cluster.cluster2",
                        "aws_ecs_service.service"
                    ],
                    "primary": {
                        "id": "service/blog-ecs-cluster/blog",
                        "attributes": {
                            "id": "service/blog-ecs-cluster/blog",
                            "max_capacity": "3",
                            "min_capacity": "1",
                            "resource_id": "service/blog-ecs-cluster/blog",
                            "role_arn": "arn:aws:iam::364833262723:role/aws-service-role/ecs.application-autoscaling.amazonaws.com/AWSServiceRoleForApplicationAutoScaling_ECSService",
                            "scalable_dimension": "ecs:service:DesiredCount",
                            "service_namespace": "ecs"
                        },
                        "meta": {},
                        "tainted": false
                    },
                    "deposed": [],
                    "provider": ""
                },
                "aws_cloudwatch_log_group.log_group": {
                    "type": "aws_cloudwatch_log_group",
                    "depends_on": [],
                    "primary": {
                        "id": "blog",
                        "attributes": {
                            "arn": "arn:aws:logs:us-east-1:364833262723:log-group:blog:*",
                            "id": "blog",
                            "kms_key_id": "",
                            "name": "blog",
                            "retention_in_days": "0",
                            "tags.%": "0"
                        },
                        "meta": {},
                        "tainted": false
                    },
                    "deposed": [],
                    "provider": ""
                },
                "aws_cloudwatch_metric_alarm.alpha_service_cpu_high": {
                    "type": "aws_cloudwatch_metric_alarm",
                    "depends_on": [
                        "aws_appautoscaling_policy.scale_up",
                        "aws_ecs_cluster.cluster2",
                        "aws_ecs_service.service"
                    ],
                    "primary": {
                        "id": "$service-cpu-utilization-above-80",
                        "attributes": {
                            "actions_enabled": "true",
                            "alarm_actions.#": "1",
                            "alarm_actions.3091505476": "arn:aws:autoscaling:us-east-1:364833262723:scalingPolicy:e71a851c-9e63-406b-b47a-a52d988fdf67:resource/ecs/service/blog-ecs-cluster/blog:policyName/service-scale-up",
                            "alarm_description": "This alarm monitors service CPU utilization for scaling up",
                            "alarm_name": "$service-cpu-utilization-above-80",
                            "comparison_operator": "GreaterThanOrEqualToThreshold",
                            "datapoints_to_alarm": "0",
                            "dimensions.%": "2",
                            "dimensions.ClusterName": "blog-ecs-cluster",
                            "dimensions.ServiceName": "blog",
                            "evaluate_low_sample_count_percentiles": "",
                            "evaluation_periods": "1",
                            "extended_statistic": "",
                            "id": "$service-cpu-utilization-above-80",
                            "insufficient_data_actions.#": "0",
                            "metric_name": "CPUUtilization",
                            "namespace": "AWS/ECS",
                            "ok_actions.#": "0",
                            "period": "120",
                            "statistic": "Average",
                            "threshold": "80",
                            "treat_missing_data": "missing",
                            "unit": ""
                        },
                        "meta": {
                            "schema_version": "1"
                        },
                        "tainted": false
                    },
                    "deposed": [],
                    "provider": ""
                },
                "aws_cloudwatch_metric_alarm.alpha_service_cpu_low": {
                    "type": "aws_cloudwatch_metric_alarm",
                    "depends_on": [
                        "aws_appautoscaling_policy.scale_down",
                        "aws_ecs_cluster.cluster2",
                        "aws_ecs_service.service"
                    ],
                    "primary": {
                        "id": "service-cpu-utilization-below-5",
                        "attributes": {
                            "actions_enabled": "true",
                            "alarm_actions.#": "1",
                            "alarm_actions.1102496797": "arn:aws:autoscaling:us-east-1:364833262723:scalingPolicy:e71a851c-9e63-406b-b47a-a52d988fdf67:resource/ecs/service/blog-ecs-cluster/blog:policyName/service-scale-down",
                            "alarm_description": "This alarm monitors service CPU utilization for scaling down",
                            "alarm_name": "service-cpu-utilization-below-5",
                            "comparison_operator": "LessThanThreshold",
                            "datapoints_to_alarm": "0",
                            "dimensions.%": "2",
                            "dimensions.ClusterName": "blog-ecs-cluster",
                            "dimensions.ServiceName": "blog",
                            "evaluate_low_sample_count_percentiles": "",
                            "evaluation_periods": "1",
                            "extended_statistic": "",
                            "id": "service-cpu-utilization-below-5",
                            "insufficient_data_actions.#": "0",
                            "metric_name": "CPUUtilization",
                            "namespace": "AWS/ECS",
                            "ok_actions.#": "0",
                            "period": "120",
                            "statistic": "Average",
                            "threshold": "5",
                            "treat_missing_data": "missing",
                            "unit": ""
                        },
                        "meta": {
                            "schema_version": "1"
                        },
                        "tainted": false
                    },
                    "deposed": [],
                    "provider": ""
                },
                "aws_cloudwatch_metric_alarm.alpha_service_memory_high": {
                    "type": "aws_cloudwatch_metric_alarm",
                    "depends_on": [
                        "aws_appautoscaling_policy.scale_up",
                        "aws_ecs_cluster.cluster2",
                        "aws_ecs_service.service"
                    ],
                    "primary": {
                        "id": "service-memory-utilization-above-80",
                        "attributes": {
                            "actions_enabled": "true",
                            "alarm_actions.#": "1",
                            "alarm_actions.3091505476": "arn:aws:autoscaling:us-east-1:364833262723:scalingPolicy:e71a851c-9e63-406b-b47a-a52d988fdf67:resource/ecs/service/blog-ecs-cluster/blog:policyName/service-scale-up",
                            "alarm_description": "This alarm monitors service memory utilization for scaling up",
                            "alarm_name": "service-memory-utilization-above-80",
                            "comparison_operator": "GreaterThanOrEqualToThreshold",
                            "datapoints_to_alarm": "0",
                            "dimensions.%": "2",
                            "dimensions.ClusterName": "blog-ecs-cluster",
                            "dimensions.ServiceName": "blog",
                            "evaluate_low_sample_count_percentiles": "",
                            "evaluation_periods": "1",
                            "extended_statistic": "",
                            "id": "service-memory-utilization-above-80",
                            "insufficient_data_actions.#": "0",
                            "metric_name": "MemoryUtilization",
                            "namespace": "AWS/ECS",
                            "ok_actions.#": "0",
                            "period": "120",
                            "statistic": "Average",
                            "threshold": "80",
                            "treat_missing_data": "missing",
                            "unit": ""
                        },
                        "meta": {
                            "schema_version": "1"
                        },
                        "tainted": false
                    },
                    "deposed": [],
                    "provider": ""
                },
                "aws_cloudwatch_metric_alarm.alpha_service_memory_low": {
                    "type": "aws_cloudwatch_metric_alarm",
                    "depends_on": [
                        "aws_appautoscaling_policy.scale_down",
                        "aws_ecs_cluster.cluster2",
                        "aws_ecs_service.service"
                    ],
                    "primary": {
                        "id": "$service-memory-utilization-below-5",
                        "attributes": {
                            "actions_enabled": "true",
                            "alarm_actions.#": "1",
                            "alarm_actions.1102496797": "arn:aws:autoscaling:us-east-1:364833262723:scalingPolicy:e71a851c-9e63-406b-b47a-a52d988fdf67:resource/ecs/service/blog-ecs-cluster/blog:policyName/service-scale-down",
                            "alarm_description": "This alarm monitors service memory utilization for scaling down",
                            "alarm_name": "$service-memory-utilization-below-5",
                            "comparison_operator": "LessThanThreshold",
                            "datapoints_to_alarm": "0",
                            "dimensions.%": "2",
                            "dimensions.ClusterName": "blog-ecs-cluster",
                            "dimensions.ServiceName": "blog",
                            "evaluate_low_sample_count_percentiles": "",
                            "evaluation_periods": "1",
                            "extended_statistic": "",
                            "id": "$service-memory-utilization-below-5",
                            "insufficient_data_actions.#": "0",
                            "metric_name": "MemoryUtilization",
                            "namespace": "AWS/ECS",
                            "ok_actions.#": "0",
                            "period": "120",
                            "statistic": "Average",
                            "threshold": "5",
                            "treat_missing_data": "missing",
                            "unit": ""
                        },
                        "meta": {
                            "schema_version": "1"
                        },
                        "tainted": false
                    },
                    "deposed": [],
                    "provider": ""
                },
                "aws_ecs_cluster.cluster2": {
                    "type": "aws_ecs_cluster",
                    "depends_on": [],
                    "primary": {
                        "id": "arn:aws:ecs:us-east-1:364833262723:cluster/blog-ecs-cluster",
                        "attributes": {
                            "arn": "arn:aws:ecs:us-east-1:364833262723:cluster/blog-ecs-cluster",
                            "id": "arn:aws:ecs:us-east-1:364833262723:cluster/blog-ecs-cluster",
                            "name": "blog-ecs-cluster"
                        },
                        "meta": {},
                        "tainted": false
                    },
                    "deposed": [],
                    "provider": ""
                },
                "aws_ecs_service.service": {
                    "type": "aws_ecs_service",
                    "depends_on": [
                        "aws_alb_listener.main",
                        "aws_alb_target_group.main",
                        "aws_ecs_cluster.cluster2",
                        "aws_ecs_task_definition.task2",
                        "aws_security_group.awsvpc_sg",
                        "module.vpc"
                    ],
                    "primary": {
                        "id": "arn:aws:ecs:us-east-1:364833262723:service/blog",
                        "attributes": {
                            "cluster": "arn:aws:ecs:us-east-1:364833262723:cluster/blog-ecs-cluster",
                            "deployment_maximum_percent": "200",
                            "deployment_minimum_healthy_percent": "100",
                            "desired_count": "1",
                            "health_check_grace_period_seconds": "0",
                            "iam_role": "aws-service-role",
                            "id": "arn:aws:ecs:us-east-1:364833262723:service/blog",
                            "launch_type": "FARGATE",
                            "load_balancer.#": "1",
                            "load_balancer.2791699098.container_name": "blog",
                            "load_balancer.2791699098.container_port": "80",
                            "load_balancer.2791699098.elb_name": "",
                            "load_balancer.2791699098.target_group_arn": "arn:aws:elasticloadbalancing:us-east-1:364833262723:targetgroup/tf-20180221095153896000000002/c3bc685e4dee72da",
                            "name": "blog",
                            "network_configuration.#": "1",
                            "network_configuration.0.security_groups.#": "1",
                            "network_configuration.0.security_groups.2278228694": "sg-41ba8936",
                            "network_configuration.0.subnets.#": "3",
                            "network_configuration.0.subnets.1798939898": "subnet-00fdb75d",
                            "network_configuration.0.subnets.2687125726": "subnet-c4cbf2a0",
                            "network_configuration.0.subnets.3251303621": "subnet-07c1df4c",
                            "placement_constraints.#": "0",
                            "placement_strategy.#": "0",
                            "task_definition": "arn:aws:ecs:us-east-1:364833262723:task-definition/demo-pipeline:4"
                        },
                        "meta": {},
                        "tainted": false
                    },
                    "deposed": [],
                    "provider": ""
                },
                "aws_ecs_task_definition.task2": {
                    "type": "aws_ecs_task_definition",
                    "depends_on": [
                        "aws_iam_role.ecs_tasks_execution_role",
                        "data.template_file.blog"
                    ],
                    "primary": {
                        "id": "demo-pipeline",
                        "attributes": {
                            "arn": "arn:aws:ecs:us-east-1:364833262723:task-definition/demo-pipeline:4",
                            "container_definitions": "[{\"cpu\":0,\"environment\":[],\"essential\":true,\"image\":\"364833262723.dkr.ecr.us-east-1.amazonaws.com/test:v6\",\"logConfiguration\":{\"logDriver\":\"awslogs\",\"options\":{\"awslogs-group\":\"blog\",\"awslogs-region\":\"us-east-1\",\"awslogs-stream-prefix\":\"040code\"}},\"mountPoints\":[],\"name\":\"blog\",\"portMappings\":[{\"containerPort\":80,\"hostPort\":80,\"protocol\":\"tcp\"}],\"volumesFrom\":[]}]",
                            "cpu": "256",
                            "execution_role_arn": "arn:aws:iam::364833262723:role/blog-ecs-task-execution-role",
                            "family": "demo-pipeline",
                            "id": "demo-pipeline",
                            "memory": "512",
                            "network_mode": "awsvpc",
                            "placement_constraints.#": "0",
                            "requires_compatibilities.#": "1",
                            "requires_compatibilities.3072437307": "FARGATE",
                            "revision": "4",
                            "task_role_arn": ""
                        },
                        "meta": {
                            "schema_version": "1"
                        },
                        "tainted": false
                    },
                    "deposed": [],
                    "provider": ""
                },
                "aws_iam_role.ecs_tasks_execution_role": {
                    "type": "aws_iam_role",
                    "depends_on": [
                        "data.aws_iam_policy_document.ecs_tasks_execution_role"
                    ],
                    "primary": {
                        "id": "blog-ecs-task-execution-role",
                        "attributes": {
                            "arn": "arn:aws:iam::364833262723:role/blog-ecs-task-execution-role",
                            "assume_role_policy": "{\"Version\":\"2012-10-17\",\"Statement\":[{\"Sid\":\"\",\"Effect\":\"Allow\",\"Principal\":{\"Service\":\"ecs-tasks.amazonaws.com\"},\"Action\":\"sts:AssumeRole\"}]}",
                            "create_date": "2018-02-21T09:51:41Z",
                            "force_detach_policies": "false",
                            "id": "blog-ecs-task-execution-role",
                            "name": "blog-ecs-task-execution-role",
                            "path": "/",
                            "unique_id": "AROAIK3MLIHEXRDNXV6BS"
                        },
                        "meta": {},
                        "tainted": false
                    },
                    "deposed": [],
                    "provider": ""
                },
                "aws_iam_role_policy_attachment.ecs_tasks_execution_role": {
                    "type": "aws_iam_role_policy_attachment",
                    "depends_on": [
                        "aws_iam_role.ecs_tasks_execution_role"
                    ],
                    "primary": {
                        "id": "blog-ecs-task-execution-role-20180221095142681100000001",
                        "attributes": {
                            "id": "blog-ecs-task-execution-role-20180221095142681100000001",
                            "policy_arn": "arn:aws:iam::aws:policy/service-role/AmazonECSTaskExecutionRolePolicy",
                            "role": "blog-ecs-task-execution-role"
                        },
                        "meta": {},
                        "tainted": false
                    },
                    "deposed": [],
                    "provider": ""
                },
                "aws_security_group.alb_sg": {
                    "type": "aws_security_group",
                    "depends_on": [
                        "module.vpc"
                    ],
                    "primary": {
                        "id": "sg-50b78427",
                        "attributes": {
                            "description": "Managed by Terraform",
                            "egress.#": "1",
                            "egress.482069346.cidr_blocks.#": "1",
                            "egress.482069346.cidr_blocks.0": "0.0.0.0/0",
                            "egress.482069346.description": "",
                            "egress.482069346.from_port": "0",
                            "egress.482069346.ipv6_cidr_blocks.#": "0",
                            "egress.482069346.prefix_list_ids.#": "0",
                            "egress.482069346.protocol": "-1",
                            "egress.482069346.security_groups.#": "0",
                            "egress.482069346.self": "false",
                            "egress.482069346.to_port": "0",
                            "id": "sg-50b78427",
                            "ingress.#": "1",
                            "ingress.2214680975.cidr_blocks.#": "1",
                            "ingress.2214680975.cidr_blocks.0": "0.0.0.0/0",
                            "ingress.2214680975.description": "",
                            "ingress.2214680975.from_port": "80",
                            "ingress.2214680975.ipv6_cidr_blocks.#": "0",
                            "ingress.2214680975.protocol": "tcp",
                            "ingress.2214680975.security_groups.#": "0",
                            "ingress.2214680975.self": "false",
                            "ingress.2214680975.to_port": "80",
                            "name": "blog-blog-alb-sg",
                            "owner_id": "364833262723",
                            "revoke_rules_on_delete": "false",
                            "tags.%": "0",
                            "vpc_id": "vpc-887ab2f3"
                        },
                        "meta": {
                            "schema_version": "1"
                        },
                        "tainted": false
                    },
                    "deposed": [],
                    "provider": ""
                },
                "aws_security_group.awsvpc_sg": {
                    "type": "aws_security_group",
                    "depends_on": [
                        "module.vpc"
                    ],
                    "primary": {
                        "id": "sg-41ba8936",
                        "attributes": {
                            "description": "Managed by Terraform",
                            "egress.#": "1",
                            "egress.1403647648.cidr_blocks.#": "1",
                            "egress.1403647648.cidr_blocks.0": "0.0.0.0/0",
                            "egress.1403647648.description": "",
                            "egress.1403647648.from_port": "0",
                            "egress.1403647648.ipv6_cidr_blocks.#": "0",
                            "egress.1403647648.prefix_list_ids.#": "0",
                            "egress.1403647648.protocol": "tcp",
                            "egress.1403647648.security_groups.#": "0",
                            "egress.1403647648.self": "false",
                            "egress.1403647648.to_port": "65535",
                            "id": "sg-41ba8936",
                            "ingress.#": "1",
                            "ingress.3581498979.cidr_blocks.#": "1",
                            "ingress.3581498979.cidr_blocks.0": "10.0.0.0/16",
                            "ingress.3581498979.description": "",
                            "ingress.3581498979.from_port": "0",
                            "ingress.3581498979.ipv6_cidr_blocks.#": "0",
                            "ingress.3581498979.protocol": "tcp",
                            "ingress.3581498979.security_groups.#": "0",
                            "ingress.3581498979.self": "false",
                            "ingress.3581498979.to_port": "65535",
                            "name": "blog-awsvpc-cluster-sg",
                            "owner_id": "364833262723",
                            "revoke_rules_on_delete": "false",
                            "tags.%": "2",
                            "tags.Environment": "blog",
                            "tags.Name": "blog-ecs-cluster-sg",
                            "vpc_id": "vpc-887ab2f3"
                        },
                        "meta": {
                            "schema_version": "1"
                        },
                        "tainted": false
                    },
                    "deposed": [],
                    "provider": ""
                },
                "data.aws_iam_policy_document.ecs_tasks_execution_role": {
                    "type": "aws_iam_policy_document",
                    "depends_on": [],
                    "primary": {
                        "id": "320642683",
                        "attributes": {
                            "id": "320642683",
                            "json": "{\n  \"Version\": \"2012-10-17\",\n  \"Statement\": [\n    {\n      \"Sid\": \"\",\n      \"Effect\": \"Allow\",\n      \"Action\": \"sts:AssumeRole\",\n      \"Principal\": {\n        \"Service\": \"ecs-tasks.amazonaws.com\"\n      }\n    }\n  ]\n}",
                            "statement.#": "1",
                            "statement.0.actions.#": "1",
                            "statement.0.actions.2528466339": "sts:AssumeRole",
                            "statement.0.condition.#": "0",
                            "statement.0.effect": "Allow",
                            "statement.0.not_actions.#": "0",
                            "statement.0.not_principals.#": "0",
                            "statement.0.not_resources.#": "0",
                            "statement.0.principals.#": "1",
                            "statement.0.principals.1709806136.identifiers.#": "1",
                            "statement.0.principals.1709806136.identifiers.3389920935": "ecs-tasks.amazonaws.com",
                            "statement.0.principals.1709806136.type": "Service",
                            "statement.0.resources.#": "0",
                            "statement.0.sid": ""
                        },
                        "meta": {},
                        "tainted": false
                    },
                    "deposed": [],
                    "provider": ""
                },
                "data.template_file.blog": {
                    "type": "template_file",
                    "depends_on": [],
                    "primary": {
                        "id": "9c477bb5fad42f81846df3e4abb394caedc554e24e9ff652f1a54783dc7a4346",
                        "attributes": {
                            "id": "9c477bb5fad42f81846df3e4abb394caedc554e24e9ff652f1a54783dc7a4346",
                            "rendered": "  [\n    {\n      \"essential\": true,\n      \"image\": \"364833262723.dkr.ecr.us-east-1.amazonaws.com/test:v6\",\n      \"name\": \"blog\",\n      \"portMappings\": [\n        {\n          \"hostPort\": 80,\n          \"protocol\": \"tcp\",\n          \"containerPort\": 80\n        }\n      ],\n      \"logConfiguration\": {\n        \"logDriver\": \"awslogs\",\n        \"options\": {\n          \"awslogs-group\": \"blog\",\n          \"awslogs-region\": \"us-east-1\",\n          \"awslogs-stream-prefix\": \"040code\"\n        }\n      }\n    }\n  ]\n\n  ",
                            "template": "  [\n    {\n      \"essential\": true,\n      \"image\": \"364833262723.dkr.ecr.us-east-1.amazonaws.com/test:v6\",\n      \"name\": \"blog\",\n      \"portMappings\": [\n        {\n          \"hostPort\": 80,\n          \"protocol\": \"tcp\",\n          \"containerPort\": 80\n        }\n      ],\n      \"logConfiguration\": {\n        \"logDriver\": \"awslogs\",\n        \"options\": {\n          \"awslogs-group\": \"blog\",\n          \"awslogs-region\": \"us-east-1\",\n          \"awslogs-stream-prefix\": \"040code\"\n        }\n      }\n    }\n  ]\n\n  "
                        },
                        "meta": {},
                        "tainted": false
                    },
                    "deposed": [],
                    "provider": ""
                }
            },
            "depends_on": []
        },
        {
            "path": [
                "root",
                "vpc"
            ],
            "outputs": {
                "availability_zones": {
                    "sensitive": false,
                    "type": "list",
                    "value": [
                        "us-east-1a",
                        "us-east-1b",
                        "us-east-1c"
                    ]
                },
                "private_dns_zone_id": {
                    "sensitive": false,
                    "type": "string",
                    "value": ""
                },
                "private_domain_name": {
                    "sensitive": false,
                    "type": "string",
                    "value": ""
                },
                "private_subnets": {
                    "sensitive": false,
                    "type": "list",
                    "value": [
                        "subnet-07c1df4c",
                        "subnet-00fdb75d",
                        "subnet-c4cbf2a0"
                    ]
                },
                "public_subnets": {
                    "sensitive": false,
                    "type": "list",
                    "value": [
                        "subnet-bcffe1f7",
                        "subnet-e3f3b9be",
                        "subnet-d2d7eeb6"
                    ]
                },
                "vpc_cidr": {
                    "sensitive": false,
                    "type": "string",
                    "value": "10.0.0.0/16"
                },
                "vpc_id": {
                    "sensitive": false,
                    "type": "string",
                    "value": "vpc-887ab2f3"
                }
            },
            "resources": {
                "aws_eip.nat": {
                    "type": "aws_eip",
                    "depends_on": [],
                    "primary": {
                        "id": "eipalloc-ba5a048c",
                        "attributes": {
                            "association_id": "eipassoc-385b4ee3",
                            "domain": "vpc",
                            "id": "eipalloc-ba5a048c",
                            "instance": "",
                            "network_interface": "eni-58ce82a5",
                            "private_ip": "10.0.0.9",
                            "public_ip": "35.171.135.160",
                            "tags.%": "0",
                            "vpc": "true"
                        },
                        "meta": {},
                        "tainted": false
                    },
                    "deposed": [],
                    "provider": ""
                },
                "aws_internet_gateway.internet_gateway": {
                    "type": "aws_internet_gateway",
                    "depends_on": [
                        "aws_vpc.vpc"
                    ],
                    "primary": {
                        "id": "igw-86c630fe",
                        "attributes": {
                            "id": "igw-86c630fe",
                            "tags.%": "2",
                            "tags.Environment": "blog",
                            "tags.Name": "blog-internet-gateway",
                            "vpc_id": "vpc-887ab2f3"
                        },
                        "meta": {},
                        "tainted": false
                    },
                    "deposed": [],
                    "provider": ""
                },
                "aws_nat_gateway.nat": {
                    "type": "aws_nat_gateway",
                    "depends_on": [
                        "aws_eip.nat",
                        "aws_subnet.public_subnet"
                    ],
                    "primary": {
                        "id": "nat-0d014a0ffe2c9071f",
                        "attributes": {
                            "allocation_id": "eipalloc-ba5a048c",
                            "id": "nat-0d014a0ffe2c9071f",
                            "network_interface_id": "eni-58ce82a5",
                            "private_ip": "10.0.0.9",
                            "public_ip": "35.171.135.160",
                            "subnet_id": "subnet-bcffe1f7",
                            "tags.%": "0"
                        },
                        "meta": {},
                        "tainted": false
                    },
                    "deposed": [],
                    "provider": ""
                },
                "aws_route_table.private_routetable": {
                    "type": "aws_route_table",
                    "depends_on": [
                        "aws_nat_gateway.nat",
                        "aws_vpc.vpc"
                    ],
                    "primary": {
                        "id": "rtb-5dee1d21",
                        "attributes": {
                            "id": "rtb-5dee1d21",
                            "propagating_vgws.#": "0",
                            "route.#": "1",
                            "route.1602515630.cidr_block": "0.0.0.0/0",
                            "route.1602515630.egress_only_gateway_id": "",
                            "route.1602515630.gateway_id": "",
                            "route.1602515630.instance_id": "",
                            "route.1602515630.ipv6_cidr_block": "",
                            "route.1602515630.nat_gateway_id": "nat-0d014a0ffe2c9071f",
                            "route.1602515630.network_interface_id": "",
                            "route.1602515630.vpc_peering_connection_id": "",
                            "tags.%": "2",
                            "tags.Environment": "blog",
                            "tags.Name": "blog-private-routetable",
                            "vpc_id": "vpc-887ab2f3"
                        },
                        "meta": {},
                        "tainted": false
                    },
                    "deposed": [],
                    "provider": ""
                },
                "aws_route_table.public_routetable": {
                    "type": "aws_route_table",
                    "depends_on": [
                        "aws_internet_gateway.internet_gateway",
                        "aws_vpc.vpc"
                    ],
                    "primary": {
                        "id": "rtb-bbe013c7",
                        "attributes": {
                            "id": "rtb-bbe013c7",
                            "propagating_vgws.#": "0",
                            "route.#": "1",
                            "route.1492009098.cidr_block": "0.0.0.0/0",
                            "route.1492009098.egress_only_gateway_id": "",
                            "route.1492009098.gateway_id": "igw-86c630fe",
                            "route.1492009098.instance_id": "",
                            "route.1492009098.ipv6_cidr_block": "",
                            "route.1492009098.nat_gateway_id": "",
                            "route.1492009098.network_interface_id": "",
                            "route.1492009098.vpc_peering_connection_id": "",
                            "tags.%": "2",
                            "tags.Environment": "blog",
                            "tags.Name": "blog-public-routetable",
                            "vpc_id": "vpc-887ab2f3"
                        },
                        "meta": {},
                        "tainted": false
                    },
                    "deposed": [],
                    "provider": ""
                },
                "aws_route_table_association.private_routing_table.0": {
                    "type": "aws_route_table_association",
                    "depends_on": [
                        "aws_route_table.private_routetable",
                        "aws_subnet.private_subnet.*"
                    ],
                    "primary": {
                        "id": "rtbassoc-7dabe201",
                        "attributes": {
                            "id": "rtbassoc-7dabe201",
                            "route_table_id": "rtb-5dee1d21",
                            "subnet_id": "subnet-07c1df4c"
                        },
                        "meta": {},
                        "tainted": false
                    },
                    "deposed": [],
                    "provider": ""
                },
                "aws_route_table_association.private_routing_table.1": {
                    "type": "aws_route_table_association",
                    "depends_on": [
                        "aws_route_table.private_routetable",
                        "aws_subnet.private_subnet.*"
                    ],
                    "primary": {
                        "id": "rtbassoc-12a0e96e",
                        "attributes": {
                            "id": "rtbassoc-12a0e96e",
                            "route_table_id": "rtb-5dee1d21",
                            "subnet_id": "subnet-00fdb75d"
                        },
                        "meta": {},
                        "tainted": false
                    },
                    "deposed": [],
                    "provider": ""
                },
                "aws_route_table_association.private_routing_table.2": {
                    "type": "aws_route_table_association",
                    "depends_on": [
                        "aws_route_table.private_routetable",
                        "aws_subnet.private_subnet.*"
                    ],
                    "primary": {
                        "id": "rtbassoc-dbbdf4a7",
                        "attributes": {
                            "id": "rtbassoc-dbbdf4a7",
                            "route_table_id": "rtb-5dee1d21",
                            "subnet_id": "subnet-c4cbf2a0"
                        },
                        "meta": {},
                        "tainted": false
                    },
                    "deposed": [],
                    "provider": ""
                },
                "aws_route_table_association.public_routing_table.0": {
                    "type": "aws_route_table_association",
                    "depends_on": [
                        "aws_route_table.public_routetable",
                        "aws_subnet.public_subnet.*"
                    ],
                    "primary": {
                        "id": "rtbassoc-fbb1f887",
                        "attributes": {
                            "id": "rtbassoc-fbb1f887",
                            "route_table_id": "rtb-bbe013c7",
                            "subnet_id": "subnet-bcffe1f7"
                        },
                        "meta": {},
                        "tainted": false
                    },
                    "deposed": [],
                    "provider": ""
                },
                "aws_route_table_association.public_routing_table.1": {
                    "type": "aws_route_table_association",
                    "depends_on": [
                        "aws_route_table.public_routetable",
                        "aws_subnet.public_subnet.*"
                    ],
                    "primary": {
                        "id": "rtbassoc-96b8f1ea",
                        "attributes": {
                            "id": "rtbassoc-96b8f1ea",
                            "route_table_id": "rtb-bbe013c7",
                            "subnet_id": "subnet-e3f3b9be"
                        },
                        "meta": {},
                        "tainted": false
                    },
                    "deposed": [],
                    "provider": ""
                },
                "aws_route_table_association.public_routing_table.2": {
                    "type": "aws_route_table_association",
                    "depends_on": [
                        "aws_route_table.public_routetable",
                        "aws_subnet.public_subnet.*"
                    ],
                    "primary": {
                        "id": "rtbassoc-dda4eda1",
                        "attributes": {
                            "id": "rtbassoc-dda4eda1",
                            "route_table_id": "rtb-bbe013c7",
                            "subnet_id": "subnet-d2d7eeb6"
                        },
                        "meta": {},
                        "tainted": false
                    },
                    "deposed": [],
                    "provider": ""
                },
                "aws_subnet.private_subnet.0": {
                    "type": "aws_subnet",
                    "depends_on": [
                        "aws_vpc.vpc"
                    ],
                    "primary": {
                        "id": "subnet-07c1df4c",
                        "attributes": {
                            "assign_ipv6_address_on_creation": "false",
                            "availability_zone": "us-east-1a",
                            "cidr_block": "10.0.3.0/24",
                            "id": "subnet-07c1df4c",
                            "map_public_ip_on_launch": "false",
                            "tags.%": "2",
                            "tags.Environment": "blog",
                            "tags.Name": "blog-us-east-1a-private",
                            "vpc_id": "vpc-887ab2f3"
                        },
                        "meta": {
                            "schema_version": "1"
                        },
                        "tainted": false
                    },
                    "deposed": [],
                    "provider": ""
                },
                "aws_subnet.private_subnet.1": {
                    "type": "aws_subnet",
                    "depends_on": [
                        "aws_vpc.vpc"
                    ],
                    "primary": {
                        "id": "subnet-00fdb75d",
                        "attributes": {
                            "assign_ipv6_address_on_creation": "false",
                            "availability_zone": "us-east-1b",
                            "cidr_block": "10.0.4.0/24",
                            "id": "subnet-00fdb75d",
                            "map_public_ip_on_launch": "false",
                            "tags.%": "2",
                            "tags.Environment": "blog",
                            "tags.Name": "blog-us-east-1b-private",
                            "vpc_id": "vpc-887ab2f3"
                        },
                        "meta": {
                            "schema_version": "1"
                        },
                        "tainted": false
                    },
                    "deposed": [],
                    "provider": ""
                },
                "aws_subnet.private_subnet.2": {
                    "type": "aws_subnet",
                    "depends_on": [
                        "aws_vpc.vpc"
                    ],
                    "primary": {
                        "id": "subnet-c4cbf2a0",
                        "attributes": {
                            "assign_ipv6_address_on_creation": "false",
                            "availability_zone": "us-east-1c",
                            "cidr_block": "10.0.5.0/24",
                            "id": "subnet-c4cbf2a0",
                            "map_public_ip_on_launch": "false",
                            "tags.%": "2",
                            "tags.Environment": "blog",
                            "tags.Name": "blog-us-east-1c-private",
                            "vpc_id": "vpc-887ab2f3"
                        },
                        "meta": {
                            "schema_version": "1"
                        },
                        "tainted": false
                    },
                    "deposed": [],
                    "provider": ""
                },
                "aws_subnet.public_subnet.0": {
                    "type": "aws_subnet",
                    "depends_on": [
                        "aws_vpc.vpc"
                    ],
                    "primary": {
                        "id": "subnet-bcffe1f7",
                        "attributes": {
                            "assign_ipv6_address_on_creation": "false",
                            "availability_zone": "us-east-1a",
                            "cidr_block": "10.0.0.0/24",
                            "id": "subnet-bcffe1f7",
                            "map_public_ip_on_launch": "false",
                            "tags.%": "2",
                            "tags.Environment": "blog",
                            "tags.Name": "blog-us-east-1a-public",
                            "vpc_id": "vpc-887ab2f3"
                        },
                        "meta": {
                            "schema_version": "1"
                        },
                        "tainted": false
                    },
                    "deposed": [],
                    "provider": ""
                },
                "aws_subnet.public_subnet.1": {
                    "type": "aws_subnet",
                    "depends_on": [
                        "aws_vpc.vpc"
                    ],
                    "primary": {
                        "id": "subnet-e3f3b9be",
                        "attributes": {
                            "assign_ipv6_address_on_creation": "false",
                            "availability_zone": "us-east-1b",
                            "cidr_block": "10.0.1.0/24",
                            "id": "subnet-e3f3b9be",
                            "map_public_ip_on_launch": "false",
                            "tags.%": "2",
                            "tags.Environment": "blog",
                            "tags.Name": "blog-us-east-1b-public",
                            "vpc_id": "vpc-887ab2f3"
                        },
                        "meta": {
                            "schema_version": "1"
                        },
                        "tainted": false
                    },
                    "deposed": [],
                    "provider": ""
                },
                "aws_subnet.public_subnet.2": {
                    "type": "aws_subnet",
                    "depends_on": [
                        "aws_vpc.vpc"
                    ],
                    "primary": {
                        "id": "subnet-d2d7eeb6",
                        "attributes": {
                            "assign_ipv6_address_on_creation": "false",
                            "availability_zone": "us-east-1c",
                            "cidr_block": "10.0.2.0/24",
                            "id": "subnet-d2d7eeb6",
                            "map_public_ip_on_launch": "false",
                            "tags.%": "2",
                            "tags.Environment": "blog",
                            "tags.Name": "blog-us-east-1c-public",
                            "vpc_id": "vpc-887ab2f3"
                        },
                        "meta": {
                            "schema_version": "1"
                        },
                        "tainted": false
                    },
                    "deposed": [],
                    "provider": ""
                },
                "aws_vpc.vpc": {
                    "type": "aws_vpc",
                    "depends_on": [],
                    "primary": {
                        "id": "vpc-887ab2f3",
                        "attributes": {
                            "assign_generated_ipv6_cidr_block": "false",
                            "cidr_block": "10.0.0.0/16",
                            "default_network_acl_id": "acl-be3c66c5",
                            "default_route_table_id": "rtb-a0e211dc",
                            "default_security_group_id": "sg-9aa390ed",
                            "dhcp_options_id": "dopt-d45b81b2",
                            "enable_classiclink": "false",
                            "enable_classiclink_dns_support": "false",
                            "enable_dns_hostnames": "true",
                            "enable_dns_support": "true",
                            "id": "vpc-887ab2f3",
                            "instance_tenancy": "default",
                            "main_route_table_id": "rtb-a0e211dc",
                            "tags.%": "2",
                            "tags.Environment": "blog",
                            "tags.Name": "blog-vpc"
                        },
                        "meta": {
                            "schema_version": "1"
                        },
                        "tainted": false
                    },
                    "deposed": [],
                    "provider": ""
                }
            },
            "depends_on": []
        }
    ]
}
